// !$*UTF8*$!
{
	archiveVersion = 1;
	classes = {
	};
	objectVersion = 50;
	objects = {

/* Begin PBXBuildFile section */
		29F401AF13538A932515B4DE /* Pods_InstaAwsome.framework in Frameworks */ = {isa = PBXBuildFile; fileRef = 04DB4BD95A20A63C358756F6 /* Pods_InstaAwsome.framework */; };
		B72C78C721A2247C00677D9B /* Post.swift in Sources */ = {isa = PBXBuildFile; fileRef = B72C78C621A2247C00677D9B /* Post.swift */; };
		B72E9F0A219F90A900ADE01B /* AppDelegate.swift in Sources */ = {isa = PBXBuildFile; fileRef = B72E9F09219F90A900ADE01B /* AppDelegate.swift */; };
		B72E9F0C219F90A900ADE01B /* LoginVC.swift in Sources */ = {isa = PBXBuildFile; fileRef = B72E9F0B219F90A900ADE01B /* LoginVC.swift */; };
		B72E9F0F219F90A900ADE01B /* Main.storyboard in Resources */ = {isa = PBXBuildFile; fileRef = B72E9F0D219F90A900ADE01B /* Main.storyboard */; };
		B72E9F11219F90AA00ADE01B /* Assets.xcassets in Resources */ = {isa = PBXBuildFile; fileRef = B72E9F10219F90AA00ADE01B /* Assets.xcassets */; };
		B72E9F14219F90AA00ADE01B /* LaunchScreen.storyboard in Resources */ = {isa = PBXBuildFile; fileRef = B72E9F12219F90AA00ADE01B /* LaunchScreen.storyboard */; };
		B72E9F1C219FCB6400ADE01B /* PostVC.swift in Sources */ = {isa = PBXBuildFile; fileRef = B72E9F1B219FCB6400ADE01B /* PostVC.swift */; };
		B744A1FC21A27F3D004F07A8 /* GradientView.swift in Sources */ = {isa = PBXBuildFile; fileRef = B744A1FB21A27F3D004F07A8 /* GradientView.swift */; };
		B744A20021A2AE78004F07A8 /* DetailsVC.swift in Sources */ = {isa = PBXBuildFile; fileRef = B744A1FF21A2AE78004F07A8 /* DetailsVC.swift */; };
		B77998AE21A2345000A000D6 /* PostCell.swift in Sources */ = {isa = PBXBuildFile; fileRef = B77998AD21A2345000A000D6 /* PostCell.swift */; };
		B77998B521A2588900A000D6 /* CreatePostVC.swift in Sources */ = {isa = PBXBuildFile; fileRef = B77998B421A2588900A000D6 /* CreatePostVC.swift */; };
		B77998B921A275D800A000D6 /* instagram.json in Resources */ = {isa = PBXBuildFile; fileRef = B77998B821A275D800A000D6 /* instagram.json */; };
		B78BB66521A5009D0008D5A9 /* ProfileVC.swift in Sources */ = {isa = PBXBuildFile; fileRef = B78BB66421A5009D0008D5A9 /* ProfileVC.swift */; };
		B78BB66721A504A70008D5A9 /* ErrorLog.swift in Sources */ = {isa = PBXBuildFile; fileRef = B78BB66621A504A70008D5A9 /* ErrorLog.swift */; };
		B78BB66921A50B120008D5A9 /* CommentCell.swift in Sources */ = {isa = PBXBuildFile; fileRef = B78BB66821A50B120008D5A9 /* CommentCell.swift */; };
		B78BB66B21A50BC90008D5A9 /* Circleimage.swift in Sources */ = {isa = PBXBuildFile; fileRef = B78BB66A21A50BC90008D5A9 /* Circleimage.swift */; };
		B78BB66D21A514190008D5A9 /* UserImage.swift in Sources */ = {isa = PBXBuildFile; fileRef = B78BB66C21A514190008D5A9 /* UserImage.swift */; };
		B78BB66F21A51C060008D5A9 /* UserPostImageCell.swift in Sources */ = {isa = PBXBuildFile; fileRef = B78BB66E21A51C060008D5A9 /* UserPostImageCell.swift */; };
		B78BB67121A66CA20008D5A9 /* Comment.swift in Sources */ = {isa = PBXBuildFile; fileRef = B78BB67021A66CA20008D5A9 /* Comment.swift */; };
		B78BB67321A671C60008D5A9 /* heart.json in Resources */ = {isa = PBXBuildFile; fileRef = B78BB67221A671C60008D5A9 /* heart.json */; };
		B78BB67521A6BFA10008D5A9 /* like.json in Resources */ = {isa = PBXBuildFile; fileRef = B78BB67421A6BFA10008D5A9 /* like.json */; };
		B78BB67721A6CA350008D5A9 /* KeyboardBoundView.swift in Sources */ = {isa = PBXBuildFile; fileRef = B78BB67621A6CA350008D5A9 /* KeyboardBoundView.swift */; };
/* End PBXBuildFile section */

/* Begin PBXFileReference section */
		04DB4BD95A20A63C358756F6 /* Pods_InstaAwsome.framework */ = {isa = PBXFileReference; explicitFileType = wrapper.framework; includeInIndex = 0; path = Pods_InstaAwsome.framework; sourceTree = BUILT_PRODUCTS_DIR; };
		35F0A0097492ABE04BEAFEE0 /* Pods-InstaAwsome.release.xcconfig */ = {isa = PBXFileReference; includeInIndex = 1; lastKnownFileType = text.xcconfig; name = "Pods-InstaAwsome.release.xcconfig"; path = "Pods/Target Support Files/Pods-InstaAwsome/Pods-InstaAwsome.release.xcconfig"; sourceTree = "<group>"; };
		B72C78C621A2247C00677D9B /* Post.swift */ = {isa = PBXFileReference; lastKnownFileType = sourcecode.swift; path = Post.swift; sourceTree = "<group>"; };
		B72E9F06219F90A900ADE01B /* InstaAwsome.app */ = {isa = PBXFileReference; explicitFileType = wrapper.application; includeInIndex = 0; path = InstaAwsome.app; sourceTree = BUILT_PRODUCTS_DIR; };
		B72E9F09219F90A900ADE01B /* AppDelegate.swift */ = {isa = PBXFileReference; lastKnownFileType = sourcecode.swift; path = AppDelegate.swift; sourceTree = "<group>"; };
		B72E9F0B219F90A900ADE01B /* LoginVC.swift */ = {isa = PBXFileReference; lastKnownFileType = sourcecode.swift; path = LoginVC.swift; sourceTree = "<group>"; };
		B72E9F0E219F90A900ADE01B /* Base */ = {isa = PBXFileReference; lastKnownFileType = file.storyboard; name = Base; path = Base.lproj/Main.storyboard; sourceTree = "<group>"; };
		B72E9F10219F90AA00ADE01B /* Assets.xcassets */ = {isa = PBXFileReference; lastKnownFileType = folder.assetcatalog; path = Assets.xcassets; sourceTree = "<group>"; };
		B72E9F13219F90AA00ADE01B /* Base */ = {isa = PBXFileReference; lastKnownFileType = file.storyboard; name = Base; path = Base.lproj/LaunchScreen.storyboard; sourceTree = "<group>"; };
		B72E9F15219F90AA00ADE01B /* Info.plist */ = {isa = PBXFileReference; lastKnownFileType = text.plist.xml; path = Info.plist; sourceTree = "<group>"; };
		B72E9F1B219FCB6400ADE01B /* PostVC.swift */ = {isa = PBXFileReference; lastKnownFileType = sourcecode.swift; path = PostVC.swift; sourceTree = "<group>"; };
		B744A1FB21A27F3D004F07A8 /* GradientView.swift */ = {isa = PBXFileReference; fileEncoding = 4; lastKnownFileType = sourcecode.swift; path = GradientView.swift; sourceTree = "<group>"; };
		B744A1FF21A2AE78004F07A8 /* DetailsVC.swift */ = {isa = PBXFileReference; lastKnownFileType = sourcecode.swift; path = DetailsVC.swift; sourceTree = "<group>"; };
		B77998AD21A2345000A000D6 /* PostCell.swift */ = {isa = PBXFileReference; lastKnownFileType = sourcecode.swift; path = PostCell.swift; sourceTree = "<group>"; };
		B77998B421A2588900A000D6 /* CreatePostVC.swift */ = {isa = PBXFileReference; lastKnownFileType = sourcecode.swift; path = CreatePostVC.swift; sourceTree = "<group>"; };
		B77998B821A275D800A000D6 /* instagram.json */ = {isa = PBXFileReference; fileEncoding = 4; lastKnownFileType = text.json; path = instagram.json; sourceTree = "<group>"; };
		B78BB66421A5009D0008D5A9 /* ProfileVC.swift */ = {isa = PBXFileReference; lastKnownFileType = sourcecode.swift; path = ProfileVC.swift; sourceTree = "<group>"; };
		B78BB66621A504A70008D5A9 /* ErrorLog.swift */ = {isa = PBXFileReference; lastKnownFileType = sourcecode.swift; path = ErrorLog.swift; sourceTree = "<group>"; };
		B78BB66821A50B120008D5A9 /* CommentCell.swift */ = {isa = PBXFileReference; lastKnownFileType = sourcecode.swift; path = CommentCell.swift; sourceTree = "<group>"; };
		B78BB66A21A50BC90008D5A9 /* Circleimage.swift */ = {isa = PBXFileReference; fileEncoding = 4; lastKnownFileType = sourcecode.swift; path = Circleimage.swift; sourceTree = "<group>"; };
		B78BB66C21A514190008D5A9 /* UserImage.swift */ = {isa = PBXFileReference; lastKnownFileType = sourcecode.swift; path = UserImage.swift; sourceTree = "<group>"; };
		B78BB66E21A51C060008D5A9 /* UserPostImageCell.swift */ = {isa = PBXFileReference; lastKnownFileType = sourcecode.swift; path = UserPostImageCell.swift; sourceTree = "<group>"; };
		B78BB67021A66CA20008D5A9 /* Comment.swift */ = {isa = PBXFileReference; lastKnownFileType = sourcecode.swift; path = Comment.swift; sourceTree = "<group>"; };
		B78BB67221A671C60008D5A9 /* heart.json */ = {isa = PBXFileReference; fileEncoding = 4; lastKnownFileType = text.json; path = heart.json; sourceTree = "<group>"; };
		B78BB67421A6BFA10008D5A9 /* like.json */ = {isa = PBXFileReference; fileEncoding = 4; lastKnownFileType = text.json; path = like.json; sourceTree = "<group>"; };
		B78BB67621A6CA350008D5A9 /* KeyboardBoundView.swift */ = {isa = PBXFileReference; fileEncoding = 4; lastKnownFileType = sourcecode.swift; path = KeyboardBoundView.swift; sourceTree = "<group>"; };
		FC519233A25E1892931797BE /* Pods-InstaAwsome.debug.xcconfig */ = {isa = PBXFileReference; includeInIndex = 1; lastKnownFileType = text.xcconfig; name = "Pods-InstaAwsome.debug.xcconfig"; path = "Pods/Target Support Files/Pods-InstaAwsome/Pods-InstaAwsome.debug.xcconfig"; sourceTree = "<group>"; };
/* End PBXFileReference section */

/* Begin PBXFrameworksBuildPhase section */
		B72E9F03219F90A900ADE01B /* Frameworks */ = {
			isa = PBXFrameworksBuildPhase;
			buildActionMask = 2147483647;
			files = (
				29F401AF13538A932515B4DE /* Pods_InstaAwsome.framework in Frameworks */,
			);
			runOnlyForDeploymentPostprocessing = 0;
		};
/* End PBXFrameworksBuildPhase section */

/* Begin PBXGroup section */
		0BCF1747861953DE41841F66 /* Pods */ = {
			isa = PBXGroup;
			children = (
				FC519233A25E1892931797BE /* Pods-InstaAwsome.debug.xcconfig */,
				35F0A0097492ABE04BEAFEE0 /* Pods-InstaAwsome.release.xcconfig */,
			);
			name = Pods;
			sourceTree = "<group>";
		};
		9B62C6D399C33C322E695FD1 /* Frameworks */ = {
			isa = PBXGroup;
			children = (
				04DB4BD95A20A63C358756F6 /* Pods_InstaAwsome.framework */,
			);
			name = Frameworks;
			sourceTree = "<group>";
		};
		B72C78C321A21C8000677D9B /* Model */ = {
			isa = PBXGroup;
			children = (
				B72C78C621A2247C00677D9B /* Post.swift */,
				B78BB66621A504A70008D5A9 /* ErrorLog.swift */,
				B78BB66C21A514190008D5A9 /* UserImage.swift */,
				B78BB67021A66CA20008D5A9 /* Comment.swift */,
			);
			path = Model;
			sourceTree = "<group>";
		};
		B72C78C421A21C9200677D9B /* View */ = {
			isa = PBXGroup;
			children = (
				B78BB67621A6CA350008D5A9 /* KeyboardBoundView.swift */,
				B78BB66A21A50BC90008D5A9 /* Circleimage.swift */,
				B744A1FB21A27F3D004F07A8 /* GradientView.swift */,
				B77998AD21A2345000A000D6 /* PostCell.swift */,
				B78BB66821A50B120008D5A9 /* CommentCell.swift */,
				B78BB66E21A51C060008D5A9 /* UserPostImageCell.swift */,
			);
			path = View;
			sourceTree = "<group>";
		};
		B72C78C521A21C9A00677D9B /* Controller */ = {
			isa = PBXGroup;
			children = (
				B72E9F1B219FCB6400ADE01B /* PostVC.swift */,
				B72E9F0B219F90A900ADE01B /* LoginVC.swift */,
				B77998B421A2588900A000D6 /* CreatePostVC.swift */,
				B744A1FF21A2AE78004F07A8 /* DetailsVC.swift */,
				B78BB66421A5009D0008D5A9 /* ProfileVC.swift */,
			);
			path = Controller;
			sourceTree = "<group>";
		};
		B72E9EFD219F90A900ADE01B = {
			isa = PBXGroup;
			children = (
				B72E9F08219F90A900ADE01B /* InstaAwsome */,
				B72E9F07219F90A900ADE01B /* Products */,
				0BCF1747861953DE41841F66 /* Pods */,
				9B62C6D399C33C322E695FD1 /* Frameworks */,
			);
			sourceTree = "<group>";
		};
		B72E9F07219F90A900ADE01B /* Products */ = {
			isa = PBXGroup;
			children = (
				B72E9F06219F90A900ADE01B /* InstaAwsome.app */,
			);
			name = Products;
			sourceTree = "<group>";
		};
		B72E9F08219F90A900ADE01B /* InstaAwsome */ = {
			isa = PBXGroup;
			children = (
				B78BB67221A671C60008D5A9 /* heart.json */,
				B78BB67421A6BFA10008D5A9 /* like.json */,
				B77998B821A275D800A000D6 /* instagram.json */,
				B72C78C521A21C9A00677D9B /* Controller */,
				B72C78C421A21C9200677D9B /* View */,
				B72C78C321A21C8000677D9B /* Model */,
				B72E9F09219F90A900ADE01B /* AppDelegate.swift */,
				B72E9F0D219F90A900ADE01B /* Main.storyboard */,
				B72E9F10219F90AA00ADE01B /* Assets.xcassets */,
				B72E9F12219F90AA00ADE01B /* LaunchScreen.storyboard */,
				B72E9F15219F90AA00ADE01B /* Info.plist */,
			);
			path = InstaAwsome;
			sourceTree = "<group>";
		};
/* End PBXGroup section */

/* Begin PBXNativeTarget section */
		B72E9F05219F90A900ADE01B /* InstaAwsome */ = {
			isa = PBXNativeTarget;
			buildConfigurationList = B72E9F18219F90AA00ADE01B /* Build configuration list for PBXNativeTarget "InstaAwsome" */;
			buildPhases = (
				4FA3F6211EAFAC3FD1DE233B /* [CP] Check Pods Manifest.lock */,
				B72E9F02219F90A900ADE01B /* Sources */,
				B72E9F03219F90A900ADE01B /* Frameworks */,
				B72E9F04219F90A900ADE01B /* Resources */,
				1FECCB4C3CCA4E32177FCE06 /* [CP] Embed Pods Frameworks */,
			);
			buildRules = (
			);
			dependencies = (
			);
			name = InstaAwsome;
			productName = InstaAwsome;
			productReference = B72E9F06219F90A900ADE01B /* InstaAwsome.app */;
			productType = "com.apple.product-type.application";
		};
/* End PBXNativeTarget section */

/* Begin PBXProject section */
		B72E9EFE219F90A900ADE01B /* Project object */ = {
			isa = PBXProject;
			attributes = {
				LastSwiftUpdateCheck = 1010;
				LastUpgradeCheck = 1010;
				ORGANIZATIONNAME = "Eli Armstrong";
				TargetAttributes = {
					B72E9F05219F90A900ADE01B = {
						CreatedOnToolsVersion = 10.1;
					};
				};
			};
			buildConfigurationList = B72E9F01219F90A900ADE01B /* Build configuration list for PBXProject "InstaAwsome" */;
			compatibilityVersion = "Xcode 9.3";
			developmentRegion = en;
			hasScannedForEncodings = 0;
			knownRegions = (
				en,
				Base,
			);
			mainGroup = B72E9EFD219F90A900ADE01B;
			productRefGroup = B72E9F07219F90A900ADE01B /* Products */;
			projectDirPath = "";
			projectRoot = "";
			targets = (
				B72E9F05219F90A900ADE01B /* InstaAwsome */,
			);
		};
/* End PBXProject section */

/* Begin PBXResourcesBuildPhase section */
		B72E9F04219F90A900ADE01B /* Resources */ = {
			isa = PBXResourcesBuildPhase;
			buildActionMask = 2147483647;
			files = (
				B77998B921A275D800A000D6 /* instagram.json in Resources */,
				B78BB67321A671C60008D5A9 /* heart.json in Resources */,
				B78BB67521A6BFA10008D5A9 /* like.json in Resources */,
				B72E9F14219F90AA00ADE01B /* LaunchScreen.storyboard in Resources */,
				B72E9F11219F90AA00ADE01B /* Assets.xcassets in Resources */,
				B72E9F0F219F90A900ADE01B /* Main.storyboard in Resources */,
			);
			runOnlyForDeploymentPostprocessing = 0;
		};
/* End PBXResourcesBuildPhase section */

/* Begin PBXShellScriptBuildPhase section */
		1FECCB4C3CCA4E32177FCE06 /* [CP] Embed Pods Frameworks */ = {
			isa = PBXShellScriptBuildPhase;
			buildActionMask = 2147483647;
			files = (
			);
			inputPaths = (
				"${SRCROOT}/Pods/Target Support Files/Pods-InstaAwsome/Pods-InstaAwsome-frameworks.sh",
				"${BUILT_PRODUCTS_DIR}/Bolts/Bolts.framework",
				"${BUILT_PRODUCTS_DIR}/Parse/Parse.framework",
				"${BUILT_PRODUCTS_DIR}/lottie-ios/Lottie.framework",
			);
			name = "[CP] Embed Pods Frameworks";
			outputPaths = (
				"${TARGET_BUILD_DIR}/${FRAMEWORKS_FOLDER_PATH}/Bolts.framework",
				"${TARGET_BUILD_DIR}/${FRAMEWORKS_FOLDER_PATH}/Parse.framework",
				"${TARGET_BUILD_DIR}/${FRAMEWORKS_FOLDER_PATH}/Lottie.framework",
			);
			runOnlyForDeploymentPostprocessing = 0;
			shellPath = /bin/sh;
			shellScript = "\"${SRCROOT}/Pods/Target Support Files/Pods-InstaAwsome/Pods-InstaAwsome-frameworks.sh\"\n";
			showEnvVarsInLog = 0;
		};
		4FA3F6211EAFAC3FD1DE233B /* [CP] Check Pods Manifest.lock */ = {
			isa = PBXShellScriptBuildPhase;
			buildActionMask = 2147483647;
			files = (
			);
			inputPaths = (
				"${PODS_PODFILE_DIR_PATH}/Podfile.lock",
				"${PODS_ROOT}/Manifest.lock",
			);
			name = "[CP] Check Pods Manifest.lock";
			outputPaths = (
				"$(DERIVED_FILE_DIR)/Pods-InstaAwsome-checkManifestLockResult.txt",
			);
			runOnlyForDeploymentPostprocessing = 0;
			shellPath = /bin/sh;
			shellScript = "diff \"${PODS_PODFILE_DIR_PATH}/Podfile.lock\" \"${PODS_ROOT}/Manifest.lock\" > /dev/null\nif [ $? != 0 ] ; then\n    # print error to STDERR\n    echo \"error: The sandbox is not in sync with the Podfile.lock. Run 'pod install' or update your CocoaPods installation.\" >&2\n    exit 1\nfi\n# This output is used by Xcode 'outputs' to avoid re-running this script phase.\necho \"SUCCESS\" > \"${SCRIPT_OUTPUT_FILE_0}\"\n";
			showEnvVarsInLog = 0;
		};
/* End PBXShellScriptBuildPhase section */

/* Begin PBXSourcesBuildPhase section */
		B72E9F02219F90A900ADE01B /* Sources */ = {
			isa = PBXSourcesBuildPhase;
			buildActionMask = 2147483647;
			files = (
				B77998B521A2588900A000D6 /* CreatePostVC.swift in Sources */,
				B744A20021A2AE78004F07A8 /* DetailsVC.swift in Sources */,
				B72C78C721A2247C00677D9B /* Post.swift in Sources */,
				B78BB66921A50B120008D5A9 /* CommentCell.swift in Sources */,
				B78BB66F21A51C060008D5A9 /* UserPostImageCell.swift in Sources */,
				B78BB66521A5009D0008D5A9 /* ProfileVC.swift in Sources */,
				B78BB67721A6CA350008D5A9 /* KeyboardBoundView.swift in Sources */,
				B78BB66B21A50BC90008D5A9 /* Circleimage.swift in Sources */,
				B78BB66D21A514190008D5A9 /* UserImage.swift in Sources */,
				B72E9F0C219F90A900ADE01B /* LoginVC.swift in Sources */,
				B72E9F0A219F90A900ADE01B /* AppDelegate.swift in Sources */,
				B78BB67121A66CA20008D5A9 /* Comment.swift in Sources */,
				B72E9F1C219FCB6400ADE01B /* PostVC.swift in Sources */,
				B77998AE21A2345000A000D6 /* PostCell.swift in Sources */,
				B744A1FC21A27F3D004F07A8 /* GradientView.swift in Sources */,
				B78BB66721A504A70008D5A9 /* ErrorLog.swift in Sources */,
			);
			runOnlyForDeploymentPostprocessing = 0;
		};
/* End PBXSourcesBuildPhase section */

/* Begin PBXVariantGroup section */
		B72E9F0D219F90A900ADE01B /* Main.storyboard */ = {
			isa = PBXVariantGroup;
			children = (
				B72E9F0E219F90A900ADE01B /* Base */,
			);
			name = Main.storyboard;
			sourceTree = "<group>";
		};
		B72E9F12219F90AA00ADE01B /* LaunchScreen.storyboard */ = {
			isa = PBXVariantGroup;
			children = (
				B72E9F13219F90AA00ADE01B /* Base */,
			);
			name = LaunchScreen.storyboard;
			sourceTree = "<group>";
		};
/* End PBXVariantGroup section */

/* Begin XCBuildConfiguration section */
		B72E9F16219F90AA00ADE01B /* Debug */ = {
			isa = XCBuildConfiguration;
			buildSettings = {
				ALWAYS_SEARCH_USER_PATHS = NO;
				CLANG_ANALYZER_NONNULL = YES;
				CLANG_ANALYZER_NUMBER_OBJECT_CONVERSION = YES_AGGRESSIVE;
				CLANG_CXX_LANGUAGE_STANDARD = "gnu++14";
				CLANG_CXX_LIBRARY = "libc++";
				CLANG_ENABLE_MODULES = YES;
				CLANG_ENABLE_OBJC_ARC = YES;
				CLANG_ENABLE_OBJC_WEAK = YES;
				CLANG_WARN_BLOCK_CAPTURE_AUTORELEASING = YES;
				CLANG_WARN_BOOL_CONVERSION = YES;
				CLANG_WARN_COMMA = YES;
				CLANG_WARN_CONSTANT_CONVERSION = YES;
				CLANG_WARN_DEPRECATED_OBJC_IMPLEMENTATIONS = YES;
				CLANG_WARN_DIRECT_OBJC_ISA_USAGE = YES_ERROR;
				CLANG_WARN_DOCUMENTATION_COMMENTS = YES;
				CLANG_WARN_EMPTY_BODY = YES;
				CLANG_WARN_ENUM_CONVERSION = YES;
				CLANG_WARN_INFINITE_RECURSION = YES;
				CLANG_WARN_INT_CONVERSION = YES;
				CLANG_WARN_NON_LITERAL_NULL_CONVERSION = YES;
				CLANG_WARN_OBJC_IMPLICIT_RETAIN_SELF = YES;
				CLANG_WARN_OBJC_LITERAL_CONVERSION = YES;
				CLANG_WARN_OBJC_ROOT_CLASS = YES_ERROR;
				CLANG_WARN_RANGE_LOOP_ANALYSIS = YES;
				CLANG_WARN_STRICT_PROTOTYPES = YES;
				CLANG_WARN_SUSPICIOUS_MOVE = YES;
				CLANG_WARN_UNGUARDED_AVAILABILITY = YES_AGGRESSIVE;
				CLANG_WARN_UNREACHABLE_CODE = YES;
				CLANG_WARN__DUPLICATE_METHOD_MATCH = YES;
				CODE_SIGN_IDENTITY = "iPhone Developer";
				COPY_PHASE_STRIP = NO;
				DEBUG_INFORMATION_FORMAT = dwarf;
				ENABLE_STRICT_OBJC_MSGSEND = YES;
				ENABLE_TESTABILITY = YES;
				GCC_C_LANGUAGE_STANDARD = gnu11;
				GCC_DYNAMIC_NO_PIC = NO;
				GCC_NO_COMMON_BLOCKS = YES;
				GCC_OPTIMIZATION_LEVEL = 0;
				GCC_PREPROCESSOR_DEFINITIONS = (
					"DEBUG=1",
					"$(inherited)",
				);
				GCC_WARN_64_TO_32_BIT_CONVERSION = YES;
				GCC_WARN_ABOUT_RETURN_TYPE = YES_ERROR;
				GCC_WARN_UNDECLARED_SELECTOR = YES;
				GCC_WARN_UNINITIALIZED_AUTOS = YES_AGGRESSIVE;
				GCC_WARN_UNUSED_FUNCTION = YES;
				GCC_WARN_UNUSED_VARIABLE = YES;
				IPHONEOS_DEPLOYMENT_TARGET = 12.1;
				MTL_ENABLE_DEBUG_INFO = INCLUDE_SOURCE;
				MTL_FAST_MATH = YES;
				ONLY_ACTIVE_ARCH = YES;
				SDKROOT = iphoneos;
				SWIFT_ACTIVE_COMPILATION_CONDITIONS = DEBUG;
				SWIFT_OPTIMIZATION_LEVEL = "-Onone";
			};
			name = Debug;
		};
		B72E9F17219F90AA00ADE01B /* Release */ = {
			isa = XCBuildConfiguration;
			buildSettings = {
				ALWAYS_SEARCH_USER_PATHS = NO;
				CLANG_ANALYZER_NONNULL = YES;
				CLANG_ANALYZER_NUMBER_OBJECT_CONVERSION = YES_AGGRESSIVE;
				CLANG_CXX_LANGUAGE_STANDARD = "gnu++14";
				CLANG_CXX_LIBRARY = "libc++";
				CLANG_ENABLE_MODULES = YES;
				CLANG_ENABLE_OBJC_ARC = YES;
				CLANG_ENABLE_OBJC_WEAK = YES;
				CLANG_WARN_BLOCK_CAPTURE_AUTORELEASING = YES;
				CLANG_WARN_BOOL_CONVERSION = YES;
				CLANG_WARN_COMMA = YES;
				CLANG_WARN_CONSTANT_CONVERSION = YES;
				CLANG_WARN_DEPRECATED_OBJC_IMPLEMENTATIONS = YES;
				CLANG_WARN_DIRECT_OBJC_ISA_USAGE = YES_ERROR;
				CLANG_WARN_DOCUMENTATION_COMMENTS = YES;
				CLANG_WARN_EMPTY_BODY = YES;
				CLANG_WARN_ENUM_CONVERSION = YES;
				CLANG_WARN_INFINITE_RECURSION = YES;
				CLANG_WARN_INT_CONVERSION = YES;
				CLANG_WARN_NON_LITERAL_NULL_CONVERSION = YES;
				CLANG_WARN_OBJC_IMPLICIT_RETAIN_SELF = YES;
				CLANG_WARN_OBJC_LITERAL_CONVERSION = YES;
				CLANG_WARN_OBJC_ROOT_CLASS = YES_ERROR;
				CLANG_WARN_RANGE_LOOP_ANALYSIS = YES;
				CLANG_WARN_STRICT_PROTOTYPES = YES;
				CLANG_WARN_SUSPICIOUS_MOVE = YES;
				CLANG_WARN_UNGUARDED_AVAILABILITY = YES_AGGRESSIVE;
				CLANG_WARN_UNREACHABLE_CODE = YES;
				CLANG_WARN__DUPLICATE_METHOD_MATCH = YES;
				CODE_SIGN_IDENTITY = "iPhone Developer";
				COPY_PHASE_STRIP = NO;
				DEBUG_INFORMATION_FORMAT = "dwarf-with-dsym";
				ENABLE_NS_ASSERTIONS = NO;
				ENABLE_STRICT_OBJC_MSGSEND = YES;
				GCC_C_LANGUAGE_STANDARD = gnu11;
				GCC_NO_COMMON_BLOCKS = YES;
				GCC_WARN_64_TO_32_BIT_CONVERSION = YES;
				GCC_WARN_ABOUT_RETURN_TYPE = YES_ERROR;
				GCC_WARN_UNDECLARED_SELECTOR = YES;
				GCC_WARN_UNINITIALIZED_AUTOS = YES_AGGRESSIVE;
				GCC_WARN_UNUSED_FUNCTION = YES;
				GCC_WARN_UNUSED_VARIABLE = YES;
				IPHONEOS_DEPLOYMENT_TARGET = 12.1;
				MTL_ENABLE_DEBUG_INFO = NO;
				MTL_FAST_MATH = YES;
				SDKROOT = iphoneos;
				SWIFT_COMPILATION_MODE = wholemodule;
				SWIFT_OPTIMIZATION_LEVEL = "-O";
				VALIDATE_PRODUCT = YES;
			};
			name = Release;
		};
		B72E9F19219F90AA00ADE01B /* Debug */ = {
			isa = XCBuildConfiguration;
			baseConfigurationReference = FC519233A25E1892931797BE /* Pods-InstaAwsome.debug.xcconfig */;
			buildSettings = {
				ASSETCATALOG_COMPILER_APPICON_NAME = AppIcon;
				CODE_SIGN_STYLE = Automatic;
				DEVELOPMENT_TEAM = TKPE756D4N;
				INFOPLIST_FILE = InstaAwsome/Info.plist;
				LD_RUNPATH_SEARCH_PATHS = (
					"$(inherited)",
					"@executable_path/Frameworks",
				);
				PRODUCT_BUNDLE_IDENTIFIER = core.InstaAwsome;
				PRODUCT_NAME = "$(TARGET_NAME)";
				SWIFT_VERSION = 4.2;
				TARGETED_DEVICE_FAMILY = "1,2";
			};
			name = Debug;
		};
		B72E9F1A219F90AA00ADE01B /* Release */ = {
			isa = XCBuildConfiguration;
			baseConfigurationReference = 35F0A0097492ABE04BEAFEE0 /* Pods-InstaAwsome.release.xcconfig */;
			buildSettings = {
				ASSETCATALOG_COMPILER_APPICON_NAME = AppIcon;
				CODE_SIGN_STYLE = Automatic;
				DEVELOPMENT_TEAM = TKPE756D4N;
				INFOPLIST_FILE = InstaAwsome/Info.plist;
				LD_RUNPATH_SEARCH_PATHS = (
					"$(inherited)",
					"@executable_path/Frameworks",
				);
				PRODUCT_BUNDLE_IDENTIFIER = core.InstaAwsome;
				PRODUCT_NAME = "$(TARGET_NAME)";
				SWIFT_VERSION = 4.2;
				TARGETED_DEVICE_FAMILY = "1,2";
			};
			name = Release;
		};
/* End XCBuildConfiguration section */

/* Begin XCConfigurationList section */
		B72E9F01219F90A900ADE01B /* Build configuration list for PBXProject "InstaAwsome" */ = {
			isa = XCConfigurationList;
			buildConfigurations = (
				B72E9F16219F90AA00ADE01B /* Debug */,
				B72E9F17219F90AA00ADE01B /* Release */,
			);
			defaultConfigurationIsVisible = 0;
			defaultConfigurationName = Release;
		};
		B72E9F18219F90AA00ADE01B /* Build configuration list for PBXNativeTarget "InstaAwsome" */ = {
			isa = XCConfigurationList;
			buildConfigurations = (
				B72E9F19219F90AA00ADE01B /* Debug */,
				B72E9F1A219F90AA00ADE01B /* Release */,
			);
			defaultConfigurationIsVisible = 0;
			defaultConfigurationName = Release;
		};
/* End XCConfigurationList section */
	};
	rootObject = B72E9EFE219F90A900ADE01B /* Project object */;
}
